// !$*UTF8*$!
{
	archiveVersion = 1;
	classes = {
	};
	objectVersion = 51;
	objects = {

/* Begin PBXBuildFile section */
		F6A3C125267656120019B1F4 /* GoogleService-Info.plist in Resources */ = {isa = PBXBuildFile; fileRef = F6A3C124267656120019B1F4 /* GoogleService-Info.plist */; };
		F6A3CEC426760DBB008C7A43 /* LoginViewController.swift in Sources */ = {isa = PBXBuildFile; fileRef = F6A3CEC326760DBB008C7A43 /* LoginViewController.swift */; };
		F6A3CEC626760DCC008C7A43 /* RegisterViewController.swift in Sources */ = {isa = PBXBuildFile; fileRef = F6A3CEC526760DCC008C7A43 /* RegisterViewController.swift */; };
		F6A3CEC826760DF6008C7A43 /* PhotoViewerViewController.swift in Sources */ = {isa = PBXBuildFile; fileRef = F6A3CEC726760DF6008C7A43 /* PhotoViewerViewController.swift */; };
		F6A3CECA26760E04008C7A43 /* VideoPlayerViewController.swift in Sources */ = {isa = PBXBuildFile; fileRef = F6A3CEC926760E04008C7A43 /* VideoPlayerViewController.swift */; };
		F6A3CECC26760E3C008C7A43 /* NewConversationViewController.swift in Sources */ = {isa = PBXBuildFile; fileRef = F6A3CECB26760E3C008C7A43 /* NewConversationViewController.swift */; };
		F6A3CECE26760E55008C7A43 /* ProfileViewController.swift in Sources */ = {isa = PBXBuildFile; fileRef = F6A3CECD26760E55008C7A43 /* ProfileViewController.swift */; };
		F6A3CED1267616AA008C7A43 /* Extensions.swift in Sources */ = {isa = PBXBuildFile; fileRef = F6A3CED0267616AA008C7A43 /* Extensions.swift */; };
		F6A54E582675DBC30011A782 /* AppDelegate.swift in Sources */ = {isa = PBXBuildFile; fileRef = F6A54E572675DBC30011A782 /* AppDelegate.swift */; };
		F6A54E5A2675DBC30011A782 /* SceneDelegate.swift in Sources */ = {isa = PBXBuildFile; fileRef = F6A54E592675DBC30011A782 /* SceneDelegate.swift */; };
		F6A54E5C2675DBC30011A782 /* ConversationsViewController.swift in Sources */ = {isa = PBXBuildFile; fileRef = F6A54E5B2675DBC30011A782 /* ConversationsViewController.swift */; };
		F6A54E5F2675DBC30011A782 /* Main.storyboard in Resources */ = {isa = PBXBuildFile; fileRef = F6A54E5D2675DBC30011A782 /* Main.storyboard */; };
		F6A54E612675DBC40011A782 /* Assets.xcassets in Resources */ = {isa = PBXBuildFile; fileRef = F6A54E602675DBC40011A782 /* Assets.xcassets */; };
		F6A54E642675DBC40011A782 /* LaunchScreen.storyboard in Resources */ = {isa = PBXBuildFile; fileRef = F6A54E622675DBC40011A782 /* LaunchScreen.storyboard */; };
		F6C3503F267707420010601C /* DatabaseManager.swift in Sources */ = {isa = PBXBuildFile; fileRef = F6C3503E267707420010601C /* DatabaseManager.swift */; };
		F8B33AF271333FB81BA59370 /* Pods_iOS_MessengerApp.framework in Frameworks */ = {isa = PBXBuildFile; fileRef = 6283DB0AE0B1E4A1891CE879 /* Pods_iOS_MessengerApp.framework */; };
/* End PBXBuildFile section */

/* Begin PBXFileReference section */
		59D26CBB9C2BDBDC895D8B3B /* Pods-iOS_MessengerApp.debug.xcconfig */ = {isa = PBXFileReference; includeInIndex = 1; lastKnownFileType = text.xcconfig; name = "Pods-iOS_MessengerApp.debug.xcconfig"; path = "Target Support Files/Pods-iOS_MessengerApp/Pods-iOS_MessengerApp.debug.xcconfig"; sourceTree = "<group>"; };
		6283DB0AE0B1E4A1891CE879 /* Pods_iOS_MessengerApp.framework */ = {isa = PBXFileReference; explicitFileType = wrapper.framework; includeInIndex = 0; path = Pods_iOS_MessengerApp.framework; sourceTree = BUILT_PRODUCTS_DIR; };
		EF4533DEE6B23F7B8BD4CDBF /* Pods-iOS_MessengerApp.release.xcconfig */ = {isa = PBXFileReference; includeInIndex = 1; lastKnownFileType = text.xcconfig; name = "Pods-iOS_MessengerApp.release.xcconfig"; path = "Target Support Files/Pods-iOS_MessengerApp/Pods-iOS_MessengerApp.release.xcconfig"; sourceTree = "<group>"; };
		F6A3C124267656120019B1F4 /* GoogleService-Info.plist */ = {isa = PBXFileReference; fileEncoding = 4; lastKnownFileType = text.plist.xml; path = "GoogleService-Info.plist"; sourceTree = "<group>"; };
		F6A3CEC326760DBB008C7A43 /* LoginViewController.swift */ = {isa = PBXFileReference; lastKnownFileType = sourcecode.swift; path = LoginViewController.swift; sourceTree = "<group>"; };
		F6A3CEC526760DCC008C7A43 /* RegisterViewController.swift */ = {isa = PBXFileReference; lastKnownFileType = sourcecode.swift; path = RegisterViewController.swift; sourceTree = "<group>"; };
		F6A3CEC726760DF6008C7A43 /* PhotoViewerViewController.swift */ = {isa = PBXFileReference; lastKnownFileType = sourcecode.swift; path = PhotoViewerViewController.swift; sourceTree = "<group>"; };
		F6A3CEC926760E04008C7A43 /* VideoPlayerViewController.swift */ = {isa = PBXFileReference; lastKnownFileType = sourcecode.swift; path = VideoPlayerViewController.swift; sourceTree = "<group>"; };
		F6A3CECB26760E3C008C7A43 /* NewConversationViewController.swift */ = {isa = PBXFileReference; lastKnownFileType = sourcecode.swift; path = NewConversationViewController.swift; sourceTree = "<group>"; };
		F6A3CECD26760E55008C7A43 /* ProfileViewController.swift */ = {isa = PBXFileReference; lastKnownFileType = sourcecode.swift; path = ProfileViewController.swift; sourceTree = "<group>"; };
		F6A3CED0267616AA008C7A43 /* Extensions.swift */ = {isa = PBXFileReference; lastKnownFileType = sourcecode.swift; path = Extensions.swift; sourceTree = "<group>"; };
		F6A54E542675DBC30011A782 /* iOS_MessengerApp.app */ = {isa = PBXFileReference; explicitFileType = wrapper.application; includeInIndex = 0; path = iOS_MessengerApp.app; sourceTree = BUILT_PRODUCTS_DIR; };
		F6A54E572675DBC30011A782 /* AppDelegate.swift */ = {isa = PBXFileReference; lastKnownFileType = sourcecode.swift; path = AppDelegate.swift; sourceTree = "<group>"; };
		F6A54E592675DBC30011A782 /* SceneDelegate.swift */ = {isa = PBXFileReference; lastKnownFileType = sourcecode.swift; path = SceneDelegate.swift; sourceTree = "<group>"; };
		F6A54E5B2675DBC30011A782 /* ConversationsViewController.swift */ = {isa = PBXFileReference; lastKnownFileType = sourcecode.swift; path = ConversationsViewController.swift; sourceTree = "<group>"; };
		F6A54E5E2675DBC30011A782 /* Base */ = {isa = PBXFileReference; lastKnownFileType = file.storyboard; name = Base; path = Base.lproj/Main.storyboard; sourceTree = "<group>"; };
		F6A54E602675DBC40011A782 /* Assets.xcassets */ = {isa = PBXFileReference; lastKnownFileType = folder.assetcatalog; path = Assets.xcassets; sourceTree = "<group>"; };
		F6A54E632675DBC40011A782 /* Base */ = {isa = PBXFileReference; lastKnownFileType = file.storyboard; name = Base; path = Base.lproj/LaunchScreen.storyboard; sourceTree = "<group>"; };
		F6A54E652675DBC40011A782 /* Info.plist */ = {isa = PBXFileReference; lastKnownFileType = text.plist.xml; path = Info.plist; sourceTree = "<group>"; };
		F6C3503E267707420010601C /* DatabaseManager.swift */ = {isa = PBXFileReference; lastKnownFileType = sourcecode.swift; path = DatabaseManager.swift; sourceTree = "<group>"; };
/* End PBXFileReference section */

/* Begin PBXFrameworksBuildPhase section */
		F6A54E512675DBC30011A782 /* Frameworks */ = {
			isa = PBXFrameworksBuildPhase;
			buildActionMask = 2147483647;
			files = (
				F8B33AF271333FB81BA59370 /* Pods_iOS_MessengerApp.framework in Frameworks */,
			);
			runOnlyForDeploymentPostprocessing = 0;
		};
/* End PBXFrameworksBuildPhase section */

/* Begin PBXGroup section */
		940E6020EA0A549AA8933041 /* Pods */ = {
			isa = PBXGroup;
			children = (
				59D26CBB9C2BDBDC895D8B3B /* Pods-iOS_MessengerApp.debug.xcconfig */,
				EF4533DEE6B23F7B8BD4CDBF /* Pods-iOS_MessengerApp.release.xcconfig */,
			);
			path = Pods;
			sourceTree = "<group>";
		};
		F5F36F6EEE93CEB3166BE5CE /* Frameworks */ = {
			isa = PBXGroup;
			children = (
				6283DB0AE0B1E4A1891CE879 /* Pods_iOS_MessengerApp.framework */,
			);
			name = Frameworks;
			sourceTree = "<group>";
		};
		F6A3CEBD26760C7D008C7A43 /* Resources */ = {
			isa = PBXGroup;
			children = (
				F6A54E572675DBC30011A782 /* AppDelegate.swift */,
				F6A54E592675DBC30011A782 /* SceneDelegate.swift */,
				F6A3CED0267616AA008C7A43 /* Extensions.swift */,
				F6C3503E267707420010601C /* DatabaseManager.swift */,
			);
			path = Resources;
			sourceTree = "<group>";
		};
		F6A3CEBE26760C86008C7A43 /* Controllers */ = {
			isa = PBXGroup;
			children = (
				F6A54E5B2675DBC30011A782 /* ConversationsViewController.swift */,
				F6A3CECF26760F48008C7A43 /* Login */,
				F6A3CEC726760DF6008C7A43 /* PhotoViewerViewController.swift */,
				F6A3CEC926760E04008C7A43 /* VideoPlayerViewController.swift */,
				F6A3CECB26760E3C008C7A43 /* NewConversationViewController.swift */,
				F6A3CECD26760E55008C7A43 /* ProfileViewController.swift */,
			);
			path = Controllers;
			sourceTree = "<group>";
		};
		F6A3CEBF26760C8F008C7A43 /* ViewModels */ = {
			isa = PBXGroup;
			children = (
			);
			path = ViewModels;
			sourceTree = "<group>";
		};
		F6A3CEC026760C9D008C7A43 /* Views */ = {
			isa = PBXGroup;
			children = (
				F6A3CEC226760CD2008C7A43 /* Storyboards */,
				F6A54E602675DBC40011A782 /* Assets.xcassets */,
			);
			path = Views;
			sourceTree = "<group>";
		};
		F6A3CEC126760CA3008C7A43 /* Models */ = {
			isa = PBXGroup;
			children = (
			);
			path = Models;
			sourceTree = "<group>";
		};
		F6A3CEC226760CD2008C7A43 /* Storyboards */ = {
			isa = PBXGroup;
			children = (
				F6A54E5D2675DBC30011A782 /* Main.storyboard */,
				F6A54E622675DBC40011A782 /* LaunchScreen.storyboard */,
			);
			path = Storyboards;
			sourceTree = "<group>";
		};
		F6A3CECF26760F48008C7A43 /* Login */ = {
			isa = PBXGroup;
			children = (
				F6A3CEC326760DBB008C7A43 /* LoginViewController.swift */,
				F6A3CEC526760DCC008C7A43 /* RegisterViewController.swift */,
			);
			path = Login;
			sourceTree = "<group>";
		};
		F6A54E4B2675DBC30011A782 = {
			isa = PBXGroup;
			children = (
				F6A54E562675DBC30011A782 /* iOS_MessengerApp */,
				F6A54E552675DBC30011A782 /* Products */,
				940E6020EA0A549AA8933041 /* Pods */,
				F5F36F6EEE93CEB3166BE5CE /* Frameworks */,
			);
			sourceTree = "<group>";
		};
		F6A54E552675DBC30011A782 /* Products */ = {
			isa = PBXGroup;
			children = (
				F6A54E542675DBC30011A782 /* iOS_MessengerApp.app */,
			);
			name = Products;
			sourceTree = "<group>";
		};
		F6A54E562675DBC30011A782 /* iOS_MessengerApp */ = {
			isa = PBXGroup;
			children = (
				F6A3CEC126760CA3008C7A43 /* Models */,
				F6A3CEC026760C9D008C7A43 /* Views */,
				F6A3CEBF26760C8F008C7A43 /* ViewModels */,
				F6A3CEBE26760C86008C7A43 /* Controllers */,
				F6A3CEBD26760C7D008C7A43 /* Resources */,
				F6A54E652675DBC40011A782 /* Info.plist */,
				F6A3C124267656120019B1F4 /* GoogleService-Info.plist */,
			);
			path = iOS_MessengerApp;
			sourceTree = "<group>";
		};
/* End PBXGroup section */

/* Begin PBXNativeTarget section */
		F6A54E532675DBC30011A782 /* iOS_MessengerApp */ = {
			isa = PBXNativeTarget;
			buildConfigurationList = F6A54E682675DBC40011A782 /* Build configuration list for PBXNativeTarget "iOS_MessengerApp" */;
			buildPhases = (
				D59025274B587CA3FCD2B51B /* [CP] Check Pods Manifest.lock */,
				F6A54E502675DBC30011A782 /* Sources */,
				F6A54E512675DBC30011A782 /* Frameworks */,
				F6A54E522675DBC30011A782 /* Resources */,
				8BD0329D04D11F4EC5B7A5E3 /* [CP] Embed Pods Frameworks */,
			);
			buildRules = (
			);
			dependencies = (
			);
			name = iOS_MessengerApp;
			productName = iOS_MessengerApp;
			productReference = F6A54E542675DBC30011A782 /* iOS_MessengerApp.app */;
			productType = "com.apple.product-type.application";
		};
/* End PBXNativeTarget section */

/* Begin PBXProject section */
		F6A54E4C2675DBC30011A782 /* Project object */ = {
			isa = PBXProject;
			attributes = {
				LastSwiftUpdateCheck = 1250;
				LastUpgradeCheck = 1250;
				TargetAttributes = {
					F6A54E532675DBC30011A782 = {
						CreatedOnToolsVersion = 12.5;
					};
				};
			};
			buildConfigurationList = F6A54E4F2675DBC30011A782 /* Build configuration list for PBXProject "iOS_MessengerApp" */;
			compatibilityVersion = "Xcode 9.3";
			developmentRegion = en;
			hasScannedForEncodings = 0;
			knownRegions = (
				en,
				Base,
			);
			mainGroup = F6A54E4B2675DBC30011A782;
			productRefGroup = F6A54E552675DBC30011A782 /* Products */;
			projectDirPath = "";
			projectRoot = "";
			targets = (
				F6A54E532675DBC30011A782 /* iOS_MessengerApp */,
			);
		};
/* End PBXProject section */

/* Begin PBXResourcesBuildPhase section */
		F6A54E522675DBC30011A782 /* Resources */ = {
			isa = PBXResourcesBuildPhase;
			buildActionMask = 2147483647;
			files = (
				F6A54E642675DBC40011A782 /* LaunchScreen.storyboard in Resources */,
				F6A3C125267656120019B1F4 /* GoogleService-Info.plist in Resources */,
				F6A54E612675DBC40011A782 /* Assets.xcassets in Resources */,
				F6A54E5F2675DBC30011A782 /* Main.storyboard in Resources */,
			);
			runOnlyForDeploymentPostprocessing = 0;
		};
/* End PBXResourcesBuildPhase section */

/* Begin PBXShellScriptBuildPhase section */
		8BD0329D04D11F4EC5B7A5E3 /* [CP] Embed Pods Frameworks */ = {
			isa = PBXShellScriptBuildPhase;
			buildActionMask = 2147483647;
			files = (
			);
			inputFileListPaths = (
				"${PODS_ROOT}/Target Support Files/Pods-iOS_MessengerApp/Pods-iOS_MessengerApp-frameworks-${CONFIGURATION}-input-files.xcfilelist",
			);
			name = "[CP] Embed Pods Frameworks";
			outputFileListPaths = (
				"${PODS_ROOT}/Target Support Files/Pods-iOS_MessengerApp/Pods-iOS_MessengerApp-frameworks-${CONFIGURATION}-output-files.xcfilelist",
			);
			runOnlyForDeploymentPostprocessing = 0;
			shellPath = /bin/sh;
			shellScript = "\"${PODS_ROOT}/Target Support Files/Pods-iOS_MessengerApp/Pods-iOS_MessengerApp-frameworks.sh\"\n";
			showEnvVarsInLog = 0;
		};
		D59025274B587CA3FCD2B51B /* [CP] Check Pods Manifest.lock */ = {
			isa = PBXShellScriptBuildPhase;
			buildActionMask = 2147483647;
			files = (
			);
			inputFileListPaths = (
			);
			inputPaths = (
				"${PODS_PODFILE_DIR_PATH}/Podfile.lock",
				"${PODS_ROOT}/Manifest.lock",
			);
			name = "[CP] Check Pods Manifest.lock";
			outputFileListPaths = (
			);
			outputPaths = (
				"$(DERIVED_FILE_DIR)/Pods-iOS_MessengerApp-checkManifestLockResult.txt",
			);
			runOnlyForDeploymentPostprocessing = 0;
			shellPath = /bin/sh;
			shellScript = "diff \"${PODS_PODFILE_DIR_PATH}/Podfile.lock\" \"${PODS_ROOT}/Manifest.lock\" > /dev/null\nif [ $? != 0 ] ; then\n    # print error to STDERR\n    echo \"error: The sandbox is not in sync with the Podfile.lock. Run 'pod install' or update your CocoaPods installation.\" >&2\n    exit 1\nfi\n# This output is used by Xcode 'outputs' to avoid re-running this script phase.\necho \"SUCCESS\" > \"${SCRIPT_OUTPUT_FILE_0}\"\n";
			showEnvVarsInLog = 0;
		};
/* End PBXShellScriptBuildPhase section */

/* Begin PBXSourcesBuildPhase section */
		F6A54E502675DBC30011A782 /* Sources */ = {
			isa = PBXSourcesBuildPhase;
			buildActionMask = 2147483647;
			files = (
				F6A3CEC426760DBB008C7A43 /* LoginViewController.swift in Sources */,
				F6C3503F267707420010601C /* DatabaseManager.swift in Sources */,
				F6A3CEC626760DCC008C7A43 /* RegisterViewController.swift in Sources */,
				F6A3CECC26760E3C008C7A43 /* NewConversationViewController.swift in Sources */,
				F6A54E5C2675DBC30011A782 /* ConversationsViewController.swift in Sources */,
				F6A3CECA26760E04008C7A43 /* VideoPlayerViewController.swift in Sources */,
				F6A3CED1267616AA008C7A43 /* Extensions.swift in Sources */,
				F6A54E582675DBC30011A782 /* AppDelegate.swift in Sources */,
				F6A3CECE26760E55008C7A43 /* ProfileViewController.swift in Sources */,
				F6A54E5A2675DBC30011A782 /* SceneDelegate.swift in Sources */,
				F6A3CEC826760DF6008C7A43 /* PhotoViewerViewController.swift in Sources */,
			);
			runOnlyForDeploymentPostprocessing = 0;
		};
/* End PBXSourcesBuildPhase section */

/* Begin PBXVariantGroup section */
		F6A54E5D2675DBC30011A782 /* Main.storyboard */ = {
			isa = PBXVariantGroup;
			children = (
				F6A54E5E2675DBC30011A782 /* Base */,
			);
			name = Main.storyboard;
			sourceTree = "<group>";
		};
		F6A54E622675DBC40011A782 /* LaunchScreen.storyboard */ = {
			isa = PBXVariantGroup;
			children = (
				F6A54E632675DBC40011A782 /* Base */,
			);
			name = LaunchScreen.storyboard;
			sourceTree = "<group>";
		};
/* End PBXVariantGroup section */

/* Begin XCBuildConfiguration section */
		F6A54E662675DBC40011A782 /* Debug */ = {
			isa = XCBuildConfiguration;
			buildSettings = {
				ALWAYS_SEARCH_USER_PATHS = NO;
				CLANG_ANALYZER_NONNULL = YES;
				CLANG_ANALYZER_NUMBER_OBJECT_CONVERSION = YES_AGGRESSIVE;
				CLANG_CXX_LANGUAGE_STANDARD = "gnu++14";
				CLANG_CXX_LIBRARY = "libc++";
				CLANG_ENABLE_MODULES = YES;
				CLANG_ENABLE_OBJC_ARC = YES;
				CLANG_ENABLE_OBJC_WEAK = YES;
				CLANG_WARN_BLOCK_CAPTURE_AUTORELEASING = YES;
				CLANG_WARN_BOOL_CONVERSION = YES;
				CLANG_WARN_COMMA = YES;
				CLANG_WARN_CONSTANT_CONVERSION = YES;
				CLANG_WARN_DEPRECATED_OBJC_IMPLEMENTATIONS = YES;
				CLANG_WARN_DIRECT_OBJC_ISA_USAGE = YES_ERROR;
				CLANG_WARN_DOCUMENTATION_COMMENTS = YES;
				CLANG_WARN_EMPTY_BODY = YES;
				CLANG_WARN_ENUM_CONVERSION = YES;
				CLANG_WARN_INFINITE_RECURSION = YES;
				CLANG_WARN_INT_CONVERSION = YES;
				CLANG_WARN_NON_LITERAL_NULL_CONVERSION = YES;
				CLANG_WARN_OBJC_IMPLICIT_RETAIN_SELF = YES;
				CLANG_WARN_OBJC_LITERAL_CONVERSION = YES;
				CLANG_WARN_OBJC_ROOT_CLASS = YES_ERROR;
				CLANG_WARN_QUOTED_INCLUDE_IN_FRAMEWORK_HEADER = YES;
				CLANG_WARN_RANGE_LOOP_ANALYSIS = YES;
				CLANG_WARN_STRICT_PROTOTYPES = YES;
				CLANG_WARN_SUSPICIOUS_MOVE = YES;
				CLANG_WARN_UNGUARDED_AVAILABILITY = YES_AGGRESSIVE;
				CLANG_WARN_UNREACHABLE_CODE = YES;
				CLANG_WARN__DUPLICATE_METHOD_MATCH = YES;
				COPY_PHASE_STRIP = NO;
				DEBUG_INFORMATION_FORMAT = dwarf;
				ENABLE_STRICT_OBJC_MSGSEND = YES;
				ENABLE_TESTABILITY = YES;
				GCC_C_LANGUAGE_STANDARD = gnu11;
				GCC_DYNAMIC_NO_PIC = NO;
				GCC_NO_COMMON_BLOCKS = YES;
				GCC_OPTIMIZATION_LEVEL = 0;
				GCC_PREPROCESSOR_DEFINITIONS = (
					"DEBUG=1",
					"$(inherited)",
				);
				GCC_WARN_64_TO_32_BIT_CONVERSION = YES;
				GCC_WARN_ABOUT_RETURN_TYPE = YES_ERROR;
				GCC_WARN_UNDECLARED_SELECTOR = YES;
				GCC_WARN_UNINITIALIZED_AUTOS = YES_AGGRESSIVE;
				GCC_WARN_UNUSED_FUNCTION = YES;
				GCC_WARN_UNUSED_VARIABLE = YES;
				IPHONEOS_DEPLOYMENT_TARGET = 14.5;
				MTL_ENABLE_DEBUG_INFO = INCLUDE_SOURCE;
				MTL_FAST_MATH = YES;
				ONLY_ACTIVE_ARCH = YES;
				SDKROOT = iphoneos;
				SWIFT_ACTIVE_COMPILATION_CONDITIONS = DEBUG;
				SWIFT_OPTIMIZATION_LEVEL = "-Onone";
			};
			name = Debug;
		};
		F6A54E672675DBC40011A782 /* Release */ = {
			isa = XCBuildConfiguration;
			buildSettings = {
				ALWAYS_SEARCH_USER_PATHS = NO;
				CLANG_ANALYZER_NONNULL = YES;
				CLANG_ANALYZER_NUMBER_OBJECT_CONVERSION = YES_AGGRESSIVE;
				CLANG_CXX_LANGUAGE_STANDARD = "gnu++14";
				CLANG_CXX_LIBRARY = "libc++";
				CLANG_ENABLE_MODULES = YES;
				CLANG_ENABLE_OBJC_ARC = YES;
				CLANG_ENABLE_OBJC_WEAK = YES;
				CLANG_WARN_BLOCK_CAPTURE_AUTORELEASING = YES;
				CLANG_WARN_BOOL_CONVERSION = YES;
				CLANG_WARN_COMMA = YES;
				CLANG_WARN_CONSTANT_CONVERSION = YES;
				CLANG_WARN_DEPRECATED_OBJC_IMPLEMENTATIONS = YES;
				CLANG_WARN_DIRECT_OBJC_ISA_USAGE = YES_ERROR;
				CLANG_WARN_DOCUMENTATION_COMMENTS = YES;
				CLANG_WARN_EMPTY_BODY = YES;
				CLANG_WARN_ENUM_CONVERSION = YES;
				CLANG_WARN_INFINITE_RECURSION = YES;
				CLANG_WARN_INT_CONVERSION = YES;
				CLANG_WARN_NON_LITERAL_NULL_CONVERSION = YES;
				CLANG_WARN_OBJC_IMPLICIT_RETAIN_SELF = YES;
				CLANG_WARN_OBJC_LITERAL_CONVERSION = YES;
				CLANG_WARN_OBJC_ROOT_CLASS = YES_ERROR;
				CLANG_WARN_QUOTED_INCLUDE_IN_FRAMEWORK_HEADER = YES;
				CLANG_WARN_RANGE_LOOP_ANALYSIS = YES;
				CLANG_WARN_STRICT_PROTOTYPES = YES;
				CLANG_WARN_SUSPICIOUS_MOVE = YES;
				CLANG_WARN_UNGUARDED_AVAILABILITY = YES_AGGRESSIVE;
				CLANG_WARN_UNREACHABLE_CODE = YES;
				CLANG_WARN__DUPLICATE_METHOD_MATCH = YES;
				COPY_PHASE_STRIP = NO;
				DEBUG_INFORMATION_FORMAT = "dwarf-with-dsym";
				ENABLE_NS_ASSERTIONS = NO;
				ENABLE_STRICT_OBJC_MSGSEND = YES;
				GCC_C_LANGUAGE_STANDARD = gnu11;
				GCC_NO_COMMON_BLOCKS = YES;
				GCC_WARN_64_TO_32_BIT_CONVERSION = YES;
				GCC_WARN_ABOUT_RETURN_TYPE = YES_ERROR;
				GCC_WARN_UNDECLARED_SELECTOR = YES;
				GCC_WARN_UNINITIALIZED_AUTOS = YES_AGGRESSIVE;
				GCC_WARN_UNUSED_FUNCTION = YES;
				GCC_WARN_UNUSED_VARIABLE = YES;
				IPHONEOS_DEPLOYMENT_TARGET = 14.5;
				MTL_ENABLE_DEBUG_INFO = NO;
				MTL_FAST_MATH = YES;
				SDKROOT = iphoneos;
				SWIFT_COMPILATION_MODE = wholemodule;
				SWIFT_OPTIMIZATION_LEVEL = "-O";
				VALIDATE_PRODUCT = YES;
			};
			name = Release;
		};
		F6A54E692675DBC40011A782 /* Debug */ = {
			isa = XCBuildConfiguration;
			baseConfigurationReference = 59D26CBB9C2BDBDC895D8B3B /* Pods-iOS_MessengerApp.debug.xcconfig */;
			buildSettings = {
				ASSETCATALOG_COMPILER_APPICON_NAME = AppIcon;
				ASSETCATALOG_COMPILER_GLOBAL_ACCENT_COLOR_NAME = AccentColor;
				CODE_SIGN_STYLE = Automatic;
				INFOPLIST_FILE = iOS_MessengerApp/Info.plist;
				IPHONEOS_DEPLOYMENT_TARGET = 14.1;
				LD_RUNPATH_SEARCH_PATHS = (
					"$(inherited)",
					"@executable_path/Frameworks",
				);
				PRODUCT_BUNDLE_IDENTIFIER = com.kamwoo.MessengerApp;
				PRODUCT_NAME = "$(TARGET_NAME)";
				SWIFT_VERSION = 5.0;
				TARGETED_DEVICE_FAMILY = "1,2";
			};
			name = Debug;
		};
		F6A54E6A2675DBC40011A782 /* Release */ = {
			isa = XCBuildConfiguration;
			baseConfigurationReference = EF4533DEE6B23F7B8BD4CDBF /* Pods-iOS_MessengerApp.release.xcconfig */;
			buildSettings = {
				ASSETCATALOG_COMPILER_APPICON_NAME = AppIcon;
				ASSETCATALOG_COMPILER_GLOBAL_ACCENT_COLOR_NAME = AccentColor;
				CODE_SIGN_STYLE = Automatic;
				INFOPLIST_FILE = iOS_MessengerApp/Info.plist;
				IPHONEOS_DEPLOYMENT_TARGET = 14.1;
				LD_RUNPATH_SEARCH_PATHS = (
					"$(inherited)",
					"@executable_path/Frameworks",
				);
				PRODUCT_BUNDLE_IDENTIFIER = com.kamwoo.MessengerApp;
				PRODUCT_NAME = "$(TARGET_NAME)";
				SWIFT_VERSION = 5.0;
				TARGETED_DEVICE_FAMILY = "1,2";
			};
			name = Release;
		};
/* End XCBuildConfiguration section */

/* Begin XCConfigurationList section */
		F6A54E4F2675DBC30011A782 /* Build configuration list for PBXProject "iOS_MessengerApp" */ = {
			isa = XCConfigurationList;
			buildConfigurations = (
				F6A54E662675DBC40011A782 /* Debug */,
				F6A54E672675DBC40011A782 /* Release */,
			);
			defaultConfigurationIsVisible = 0;
			defaultConfigurationName = Release;
		};
		F6A54E682675DBC40011A782 /* Build configuration list for PBXNativeTarget "iOS_MessengerApp" */ = {
			isa = XCConfigurationList;
			buildConfigurations = (
				F6A54E692675DBC40011A782 /* Debug */,
				F6A54E6A2675DBC40011A782 /* Release */,
			);
			defaultConfigurationIsVisible = 0;
			defaultConfigurationName = Release;
		};
/* End XCConfigurationList section */
	};
	rootObject = F6A54E4C2675DBC30011A782 /* Project object */;
}
